// !$*UTF8*$!
{
	archiveVersion = 1;
	classes = {
	};
	objectVersion = 50;
	objects = {

/* Begin PBXBuildFile section */
		845EAC6422EE792D0052328E /* AppDelegate.m in Sources */ = {isa = PBXBuildFile; fileRef = 845EAC6322EE792D0052328E /* AppDelegate.m */; };
		845EAC6722EE792D0052328E /* ViewController.m in Sources */ = {isa = PBXBuildFile; fileRef = 845EAC6622EE792D0052328E /* ViewController.m */; };
		845EAC6A22EE792D0052328E /* Main.storyboard in Resources */ = {isa = PBXBuildFile; fileRef = 845EAC6822EE792D0052328E /* Main.storyboard */; };
		845EAC6C22EE792F0052328E /* Assets.xcassets in Resources */ = {isa = PBXBuildFile; fileRef = 845EAC6B22EE792F0052328E /* Assets.xcassets */; };
		845EAC6F22EE792F0052328E /* LaunchScreen.storyboard in Resources */ = {isa = PBXBuildFile; fileRef = 845EAC6D22EE792F0052328E /* LaunchScreen.storyboard */; };
		845EAC7222EE792F0052328E /* main.m in Sources */ = {isa = PBXBuildFile; fileRef = 845EAC7122EE792F0052328E /* main.m */; };
		8479D2F8230CD96600CBCC8E /* CardMatchingGame.m in Sources */ = {isa = PBXBuildFile; fileRef = 8479D2F7230CD96600CBCC8E /* CardMatchingGame.m */; };
		84949BC222EE8CDB0026BE98 /* Card.m in Sources */ = {isa = PBXBuildFile; fileRef = 84949BC122EE8CDB0026BE98 /* Card.m */; };
		84949BC722EE8E870026BE98 /* PlayingCard.m in Sources */ = {isa = PBXBuildFile; fileRef = 84949BC622EE8E870026BE98 /* PlayingCard.m */; };
		84949BCC22EEBC8E0026BE98 /* Deck.m in Sources */ = {isa = PBXBuildFile; fileRef = 84949BCB22EEBC8E0026BE98 /* Deck.m */; };
		84949BD222EEC4000026BE98 /* PlayingCardDeck.m in Sources */ = {isa = PBXBuildFile; fileRef = 84949BD122EEC4000026BE98 /* PlayingCardDeck.m */; };
/* End PBXBuildFile section */

/* Begin PBXFileReference section */
		845EAC5F22EE792D0052328E /* Matchismo.app */ = {isa = PBXFileReference; explicitFileType = wrapper.application; includeInIndex = 0; path = Matchismo.app; sourceTree = BUILT_PRODUCTS_DIR; };
		845EAC6222EE792D0052328E /* AppDelegate.h */ = {isa = PBXFileReference; lastKnownFileType = sourcecode.c.h; path = AppDelegate.h; sourceTree = "<group>"; };
		845EAC6322EE792D0052328E /* AppDelegate.m */ = {isa = PBXFileReference; lastKnownFileType = sourcecode.c.objc; path = AppDelegate.m; sourceTree = "<group>"; };
		845EAC6522EE792D0052328E /* ViewController.h */ = {isa = PBXFileReference; lastKnownFileType = sourcecode.c.h; path = ViewController.h; sourceTree = "<group>"; };
		845EAC6622EE792D0052328E /* ViewController.m */ = {isa = PBXFileReference; lastKnownFileType = sourcecode.c.objc; path = ViewController.m; sourceTree = "<group>"; };
		845EAC6922EE792D0052328E /* Base */ = {isa = PBXFileReference; lastKnownFileType = file.storyboard; name = Base; path = Base.lproj/Main.storyboard; sourceTree = "<group>"; };
		845EAC6B22EE792F0052328E /* Assets.xcassets */ = {isa = PBXFileReference; lastKnownFileType = folder.assetcatalog; path = Assets.xcassets; sourceTree = "<group>"; };
		845EAC6E22EE792F0052328E /* Base */ = {isa = PBXFileReference; lastKnownFileType = file.storyboard; name = Base; path = Base.lproj/LaunchScreen.storyboard; sourceTree = "<group>"; };
		845EAC7022EE792F0052328E /* Info.plist */ = {isa = PBXFileReference; lastKnownFileType = text.plist.xml; path = Info.plist; sourceTree = "<group>"; };
		845EAC7122EE792F0052328E /* main.m */ = {isa = PBXFileReference; lastKnownFileType = sourcecode.c.objc; path = main.m; sourceTree = "<group>"; };
		8479D2F6230CD96600CBCC8E /* CardMatchingGame.h */ = {isa = PBXFileReference; lastKnownFileType = sourcecode.c.h; path = CardMatchingGame.h; sourceTree = "<group>"; };
		8479D2F7230CD96600CBCC8E /* CardMatchingGame.m */ = {isa = PBXFileReference; lastKnownFileType = sourcecode.c.objc; path = CardMatchingGame.m; sourceTree = "<group>"; };
		84949BC022EE8CDB0026BE98 /* Card.h */ = {isa = PBXFileReference; lastKnownFileType = sourcecode.c.h; path = Card.h; sourceTree = "<group>"; };
		84949BC122EE8CDB0026BE98 /* Card.m */ = {isa = PBXFileReference; lastKnownFileType = sourcecode.c.objc; path = Card.m; sourceTree = "<group>"; };
		84949BC522EE8E870026BE98 /* PlayingCard.h */ = {isa = PBXFileReference; lastKnownFileType = sourcecode.c.h; path = PlayingCard.h; sourceTree = "<group>"; };
		84949BC622EE8E870026BE98 /* PlayingCard.m */ = {isa = PBXFileReference; lastKnownFileType = sourcecode.c.objc; path = PlayingCard.m; sourceTree = "<group>"; };
		84949BCA22EEBC8E0026BE98 /* Deck.h */ = {isa = PBXFileReference; lastKnownFileType = sourcecode.c.h; path = Deck.h; sourceTree = "<group>"; };
		84949BCB22EEBC8E0026BE98 /* Deck.m */ = {isa = PBXFileReference; lastKnownFileType = sourcecode.c.objc; path = Deck.m; sourceTree = "<group>"; };
		84949BD022EEC4000026BE98 /* PlayingCardDeck.h */ = {isa = PBXFileReference; lastKnownFileType = sourcecode.c.h; path = PlayingCardDeck.h; sourceTree = "<group>"; };
		84949BD122EEC4000026BE98 /* PlayingCardDeck.m */ = {isa = PBXFileReference; lastKnownFileType = sourcecode.c.objc; path = PlayingCardDeck.m; sourceTree = "<group>"; };
/* End PBXFileReference section */

/* Begin PBXFrameworksBuildPhase section */
		845EAC5C22EE792D0052328E /* Frameworks */ = {
			isa = PBXFrameworksBuildPhase;
			buildActionMask = 2147483647;
			files = (
			);
			runOnlyForDeploymentPostprocessing = 0;
		};
/* End PBXFrameworksBuildPhase section */

/* Begin PBXGroup section */
		845EAC5622EE792D0052328E = {
			isa = PBXGroup;
			children = (
				845EAC6122EE792D0052328E /* Matchismo */,
				845EAC6022EE792D0052328E /* Products */,
			);
			sourceTree = "<group>";
		};
		845EAC6022EE792D0052328E /* Products */ = {
			isa = PBXGroup;
			children = (
				845EAC5F22EE792D0052328E /* Matchismo.app */,
			);
			name = Products;
			sourceTree = "<group>";
		};
		845EAC6122EE792D0052328E /* Matchismo */ = {
			isa = PBXGroup;
			children = (
				845EAC6522EE792D0052328E /* ViewController.h */,
				845EAC6622EE792D0052328E /* ViewController.m */,
				845EAC6822EE792D0052328E /* Main.storyboard */,
				84949BC322EE8D5D0026BE98 /* Models */,
				845EAC6B22EE792F0052328E /* Assets.xcassets */,
				845EAC7022EE792F0052328E /* Info.plist */,
				84949BC422EE8DE40026BE98 /* Supporting Files */,
			);
			path = Matchismo;
			sourceTree = "<group>";
		};
		84949BC322EE8D5D0026BE98 /* Models */ = {
			isa = PBXGroup;
			children = (
				8479D2F6230CD96600CBCC8E /* CardMatchingGame.h */,
				8479D2F7230CD96600CBCC8E /* CardMatchingGame.m */,
				84949BC022EE8CDB0026BE98 /* Card.h */,
				84949BC122EE8CDB0026BE98 /* Card.m */,
				84949BC522EE8E870026BE98 /* PlayingCard.h */,
				84949BC622EE8E870026BE98 /* PlayingCard.m */,
				84949BCA22EEBC8E0026BE98 /* Deck.h */,
				84949BCB22EEBC8E0026BE98 /* Deck.m */,
				84949BD022EEC4000026BE98 /* PlayingCardDeck.h */,
				84949BD122EEC4000026BE98 /* PlayingCardDeck.m */,
			);
			path = Models;
			sourceTree = "<group>";
		};
		84949BC422EE8DE40026BE98 /* Supporting Files */ = {
			isa = PBXGroup;
			children = (
				845EAC6D22EE792F0052328E /* LaunchScreen.storyboard */,
				845EAC7122EE792F0052328E /* main.m */,
				845EAC6222EE792D0052328E /* AppDelegate.h */,
				845EAC6322EE792D0052328E /* AppDelegate.m */,
			);
			path = "Supporting Files";
			sourceTree = "<group>";
		};
/* End PBXGroup section */

/* Begin PBXNativeTarget section */
		845EAC5E22EE792D0052328E /* Matchismo */ = {
			isa = PBXNativeTarget;
			buildConfigurationList = 845EAC7522EE792F0052328E /* Build configuration list for PBXNativeTarget "Matchismo" */;
			buildPhases = (
				845EAC5B22EE792D0052328E /* Sources */,
				845EAC5C22EE792D0052328E /* Frameworks */,
				845EAC5D22EE792D0052328E /* Resources */,
			);
			buildRules = (
			);
			dependencies = (
			);
			name = Matchismo;
			productName = Matchismo;
			productReference = 845EAC5F22EE792D0052328E /* Matchismo.app */;
			productType = "com.apple.product-type.application";
		};
/* End PBXNativeTarget section */

/* Begin PBXProject section */
		845EAC5722EE792D0052328E /* Project object */ = {
			isa = PBXProject;
			attributes = {
				LastUpgradeCheck = 1030;
				ORGANIZATIONNAME = KChen;
				TargetAttributes = {
					845EAC5E22EE792D0052328E = {
						CreatedOnToolsVersion = 10.3;
					};
				};
			};
			buildConfigurationList = 845EAC5A22EE792D0052328E /* Build configuration list for PBXProject "Matchismo" */;
			compatibilityVersion = "Xcode 9.3";
			developmentRegion = en;
			hasScannedForEncodings = 0;
			knownRegions = (
				en,
				Base,
			);
			mainGroup = 845EAC5622EE792D0052328E;
			productRefGroup = 845EAC6022EE792D0052328E /* Products */;
			projectDirPath = "";
			projectRoot = "";
			targets = (
				845EAC5E22EE792D0052328E /* Matchismo */,
			);
		};
/* End PBXProject section */

/* Begin PBXResourcesBuildPhase section */
		845EAC5D22EE792D0052328E /* Resources */ = {
			isa = PBXResourcesBuildPhase;
			buildActionMask = 2147483647;
			files = (
				845EAC6F22EE792F0052328E /* LaunchScreen.storyboard in Resources */,
				845EAC6C22EE792F0052328E /* Assets.xcassets in Resources */,
				845EAC6A22EE792D0052328E /* Main.storyboard in Resources */,
			);
			runOnlyForDeploymentPostprocessing = 0;
		};
/* End PBXResourcesBuildPhase section */

/* Begin PBXSourcesBuildPhase section */
		845EAC5B22EE792D0052328E /* Sources */ = {
			isa = PBXSourcesBuildPhase;
			buildActionMask = 2147483647;
			files = (
				845EAC6722EE792D0052328E /* ViewController.m in Sources */,
				845EAC7222EE792F0052328E /* main.m in Sources */,
				845EAC6422EE792D0052328E /* AppDelegate.m in Sources */,
				84949BC722EE8E870026BE98 /* PlayingCard.m in Sources */,
				8479D2F8230CD96600CBCC8E /* CardMatchingGame.m in Sources */,
				84949BD222EEC4000026BE98 /* PlayingCardDeck.m in Sources */,
				84949BCC22EEBC8E0026BE98 /* Deck.m in Sources */,
				84949BC222EE8CDB0026BE98 /* Card.m in Sources */,
			);
			runOnlyForDeploymentPostprocessing = 0;
		};
/* End PBXSourcesBuildPhase section */

/* Begin PBXVariantGroup section */
		845EAC6822EE792D0052328E /* Main.storyboard */ = {
			isa = PBXVariantGroup;
			children = (
				845EAC6922EE792D0052328E /* Base */,
			);
			name = Main.storyboard;
			sourceTree = "<group>";
		};
		845EAC6D22EE792F0052328E /* LaunchScreen.storyboard */ = {
			isa = PBXVariantGroup;
			children = (
				845EAC6E22EE792F0052328E /* Base */,
			);
			name = LaunchScreen.storyboard;
			sourceTree = "<group>";
		};
/* End PBXVariantGroup section */

/* Begin XCBuildConfiguration section */
		845EAC7322EE792F0052328E /* Debug */ = {
			isa = XCBuildConfiguration;
			buildSettings = {
				ALWAYS_SEARCH_USER_PATHS = NO;
				CLANG_ANALYZER_NONNULL = YES;
				CLANG_ANALYZER_NUMBER_OBJECT_CONVERSION = YES_AGGRESSIVE;
				CLANG_CXX_LANGUAGE_STANDARD = "gnu++14";
				CLANG_CXX_LIBRARY = "libc++";
				CLANG_ENABLE_MODULES = YES;
				CLANG_ENABLE_OBJC_ARC = YES;
				CLANG_ENABLE_OBJC_WEAK = YES;
				CLANG_WARN_BLOCK_CAPTURE_AUTORELEASING = YES;
				CLANG_WARN_BOOL_CONVERSION = YES;
				CLANG_WARN_COMMA = YES;
				CLANG_WARN_CONSTANT_CONVERSION = YES;
				CLANG_WARN_DEPRECATED_OBJC_IMPLEMENTATIONS = YES;
				CLANG_WARN_DIRECT_OBJC_ISA_USAGE = YES_ERROR;
				CLANG_WARN_DOCUMENTATION_COMMENTS = YES;
				CLANG_WARN_EMPTY_BODY = YES;
				CLANG_WARN_ENUM_CONVERSION = YES;
				CLANG_WARN_INFINITE_RECURSION = YES;
				CLANG_WARN_INT_CONVERSION = YES;
				CLANG_WARN_NON_LITERAL_NULL_CONVERSION = YES;
				CLANG_WARN_OBJC_IMPLICIT_RETAIN_SELF = YES;
				CLANG_WARN_OBJC_LITERAL_CONVERSION = YES;
				CLANG_WARN_OBJC_ROOT_CLASS = YES_ERROR;
				CLANG_WARN_RANGE_LOOP_ANALYSIS = YES;
				CLANG_WARN_STRICT_PROTOTYPES = YES;
				CLANG_WARN_SUSPICIOUS_MOVE = YES;
				CLANG_WARN_UNGUARDED_AVAILABILITY = YES_AGGRESSIVE;
				CLANG_WARN_UNREACHABLE_CODE = YES;
				CLANG_WARN__DUPLICATE_METHOD_MATCH = YES;
				CODE_SIGN_IDENTITY = "iPhone Developer";
				COPY_PHASE_STRIP = NO;
				DEBUG_INFORMATION_FORMAT = dwarf;
				ENABLE_STRICT_OBJC_MSGSEND = YES;
				ENABLE_TESTABILITY = YES;
				GCC_C_LANGUAGE_STANDARD = gnu11;
				GCC_DYNAMIC_NO_PIC = NO;
				GCC_NO_COMMON_BLOCKS = YES;
				GCC_OPTIMIZATION_LEVEL = 0;
				GCC_PREPROCESSOR_DEFINITIONS = (
					"DEBUG=1",
					"$(inherited)",
				);
				GCC_WARN_64_TO_32_BIT_CONVERSION = YES;
				GCC_WARN_ABOUT_RETURN_TYPE = YES_ERROR;
				GCC_WARN_UNDECLARED_SELECTOR = YES;
				GCC_WARN_UNINITIALIZED_AUTOS = YES_AGGRESSIVE;
				GCC_WARN_UNUSED_FUNCTION = YES;
				GCC_WARN_UNUSED_VARIABLE = YES;
				IPHONEOS_DEPLOYMENT_TARGET = 12.4;
				MTL_ENABLE_DEBUG_INFO = INCLUDE_SOURCE;
				MTL_FAST_MATH = YES;
				ONLY_ACTIVE_ARCH = YES;
				SDKROOT = iphoneos;
			};
			name = Debug;
		};
		845EAC7422EE792F0052328E /* Release */ = {
			isa = XCBuildConfiguration;
			buildSettings = {
				ALWAYS_SEARCH_USER_PATHS = NO;
				CLANG_ANALYZER_NONNULL = YES;
				CLANG_ANALYZER_NUMBER_OBJECT_CONVERSION = YES_AGGRESSIVE;
				CLANG_CXX_LANGUAGE_STANDARD = "gnu++14";
				CLANG_CXX_LIBRARY = "libc++";
				CLANG_ENABLE_MODULES = YES;
				CLANG_ENABLE_OBJC_ARC = YES;
				CLANG_ENABLE_OBJC_WEAK = YES;
				CLANG_WARN_BLOCK_CAPTURE_AUTORELEASING = YES;
				CLANG_WARN_BOOL_CONVERSION = YES;
				CLANG_WARN_COMMA = YES;
				CLANG_WARN_CONSTANT_CONVERSION = YES;
				CLANG_WARN_DEPRECATED_OBJC_IMPLEMENTATIONS = YES;
				CLANG_WARN_DIRECT_OBJC_ISA_USAGE = YES_ERROR;
				CLANG_WARN_DOCUMENTATION_COMMENTS = YES;
				CLANG_WARN_EMPTY_BODY = YES;
				CLANG_WARN_ENUM_CONVERSION = YES;
				CLANG_WARN_INFINITE_RECURSION = YES;
				CLANG_WARN_INT_CONVERSION = YES;
				CLANG_WARN_NON_LITERAL_NULL_CONVERSION = YES;
				CLANG_WARN_OBJC_IMPLICIT_RETAIN_SELF = YES;
				CLANG_WARN_OBJC_LITERAL_CONVERSION = YES;
				CLANG_WARN_OBJC_ROOT_CLASS = YES_ERROR;
				CLANG_WARN_RANGE_LOOP_ANALYSIS = YES;
				CLANG_WARN_STRICT_PROTOTYPES = YES;
				CLANG_WARN_SUSPICIOUS_MOVE = YES;
				CLANG_WARN_UNGUARDED_AVAILABILITY = YES_AGGRESSIVE;
				CLANG_WARN_UNREACHABLE_CODE = YES;
				CLANG_WARN__DUPLICATE_METHOD_MATCH = YES;
				CODE_SIGN_IDENTITY = "iPhone Developer";
				COPY_PHASE_STRIP = NO;
				DEBUG_INFORMATION_FORMAT = "dwarf-with-dsym";
				ENABLE_NS_ASSERTIONS = NO;
				ENABLE_STRICT_OBJC_MSGSEND = YES;
				GCC_C_LANGUAGE_STANDARD = gnu11;
				GCC_NO_COMMON_BLOCKS = YES;
				GCC_WARN_64_TO_32_BIT_CONVERSION = YES;
				GCC_WARN_ABOUT_RETURN_TYPE = YES_ERROR;
				GCC_WARN_UNDECLARED_SELECTOR = YES;
				GCC_WARN_UNINITIALIZED_AUTOS = YES_AGGRESSIVE;
				GCC_WARN_UNUSED_FUNCTION = YES;
				GCC_WARN_UNUSED_VARIABLE = YES;
				IPHONEOS_DEPLOYMENT_TARGET = 12.4;
				MTL_ENABLE_DEBUG_INFO = NO;
				MTL_FAST_MATH = YES;
				SDKROOT = iphoneos;
				VALIDATE_PRODUCT = YES;
			};
			name = Release;
		};
		845EAC7622EE792F0052328E /* Debug */ = {
			isa = XCBuildConfiguration;
			buildSettings = {
				ASSETCATALOG_COMPILER_APPICON_NAME = AppIcon;
				CODE_SIGN_STYLE = Automatic;
				DEVELOPMENT_TEAM = PXH96M443K;
				INFOPLIST_FILE = Matchismo/Info.plist;
				LD_RUNPATH_SEARCH_PATHS = (
					"$(inherited)",
					"@executable_path/Frameworks",
				);
				PRODUCT_BUNDLE_IDENTIFIER = cc.kcken.Matchismo;
				PRODUCT_NAME = "$(TARGET_NAME)";
				TARGETED_DEVICE_FAMILY = "1,2";
			};
			name = Debug;
		};
		845EAC7722EE792F0052328E /* Release */ = {
			isa = XCBuildConfiguration;
			buildSettings = {
				ASSETCATALOG_COMPILER_APPICON_NAME = AppIcon;
				CODE_SIGN_STYLE = Automatic;
				DEVELOPMENT_TEAM = PXH96M443K;
				INFOPLIST_FILE = Matchismo/Info.plist;
				LD_RUNPATH_SEARCH_PATHS = (
					"$(inherited)",
					"@executable_path/Frameworks",
				);
				PRODUCT_BUNDLE_IDENTIFIER = cc.kcken.Matchismo;
				PRODUCT_NAME = "$(TARGET_NAME)";
				TARGETED_DEVICE_FAMILY = "1,2";
			};
			name = Release;
		};
/* End XCBuildConfiguration section */

/* Begin XCConfigurationList section */
		845EAC5A22EE792D0052328E /* Build configuration list for PBXProject "Matchismo" */ = {
			isa = XCConfigurationList;
			buildConfigurations = (
				845EAC7322EE792F0052328E /* Debug */,
				845EAC7422EE792F0052328E /* Release */,
			);
			defaultConfigurationIsVisible = 0;
			defaultConfigurationName = Release;
		};
		845EAC7522EE792F0052328E /* Build configuration list for PBXNativeTarget "Matchismo" */ = {
			isa = XCConfigurationList;
			buildConfigurations = (
				845EAC7622EE792F0052328E /* Debug */,
				845EAC7722EE792F0052328E /* Release */,
			);
			defaultConfigurationIsVisible = 0;
			defaultConfigurationName = Release;
		};
/* End XCConfigurationList section */
	};
	rootObject = 845EAC5722EE792D0052328E /* Project object */;
}
